// !$*UTF8*$!
{
	archiveVersion = 1;
	classes = {
	};
	objectVersion = 46;
	objects = {

/* Begin PBXBuildFile section */
		A9026D4718F7EA4B000B2FF9 /* daolu.jpg in Resources */ = {isa = PBXBuildFile; fileRef = A9026D4518F7EA4B000B2FF9 /* daolu.jpg */; };
		A9026D4818F7EA4B000B2FF9 /* guidao.jpg in Resources */ = {isa = PBXBuildFile; fileRef = A9026D4618F7EA4B000B2FF9 /* guidao.jpg */; };
		A910D43F18F68E3200A2DB70 /* Content_2_1_ViewController.m in Sources */ = {isa = PBXBuildFile; fileRef = A910D43E18F68E3200A2DB70 /* Content_2_1_ViewController.m */; };
		A910D44218F68FB400A2DB70 /* Content_2_2_ViewController.m in Sources */ = {isa = PBXBuildFile; fileRef = A910D44118F68FB400A2DB70 /* Content_2_2_ViewController.m */; };
		A914363A1908F5B000A6C5EC /* fuli3dindex@2x.jpg in Resources */ = {isa = PBXBuildFile; fileRef = A91436391908F5B000A6C5EC /* fuli3dindex@2x.jpg */; };
		A91436411908F7E300A6C5EC /* arrow_down@2x.png in Resources */ = {isa = PBXBuildFile; fileRef = A914363F1908F7E300A6C5EC /* arrow_down@2x.png */; };
		A91436421908F7E300A6C5EC /* arrow_ux_up@2x.png in Resources */ = {isa = PBXBuildFile; fileRef = A91436401908F7E300A6C5EC /* arrow_ux_up@2x.png */; };
		A914364B190906C100A6C5EC /* waibu_on@2x.png in Resources */ = {isa = PBXBuildFile; fileRef = A9143647190906C100A6C5EC /* waibu_on@2x.png */; };
		A914364C190906C100A6C5EC /* waibu@2x.png in Resources */ = {isa = PBXBuildFile; fileRef = A9143648190906C100A6C5EC /* waibu@2x.png */; };
		A914364D190906C100A6C5EC /* xiaoqu_on@2x.png in Resources */ = {isa = PBXBuildFile; fileRef = A9143649190906C100A6C5EC /* xiaoqu_on@2x.png */; };
		A914364E190906C100A6C5EC /* xiaoqu@2x.png in Resources */ = {isa = PBXBuildFile; fileRef = A914364A190906C100A6C5EC /* xiaoqu@2x.png */; };
		A91436511909078300A6C5EC /* Content_3_1_ViewController.m in Sources */ = {isa = PBXBuildFile; fileRef = A91436501909078300A6C5EC /* Content_3_1_ViewController.m */; };
		A91B84F51908ACF3008B9BFD /* Content_3_ViewController.m in Sources */ = {isa = PBXBuildFile; fileRef = A91B84F41908ACF3008B9BFD /* Content_3_ViewController.m */; };
		A91B84FD1908AF56008B9BFD /* business_bg@2x.jpg in Resources */ = {isa = PBXBuildFile; fileRef = A91B84F61908AF56008B9BFD /* business_bg@2x.jpg */; };
		A91B84FE1908AF56008B9BFD /* business_btn1@2x.png in Resources */ = {isa = PBXBuildFile; fileRef = A91B84F71908AF56008B9BFD /* business_btn1@2x.png */; };
		A91B85001908AF56008B9BFD /* business_btn2@2x.png in Resources */ = {isa = PBXBuildFile; fileRef = A91B84F91908AF56008B9BFD /* business_btn2@2x.png */; };
		A91B85021908AF56008B9BFD /* business_btn3@2x.png in Resources */ = {isa = PBXBuildFile; fileRef = A91B84FB1908AF56008B9BFD /* business_btn3@2x.png */; };
		A91B85071908E390008B9BFD /* Content_5_ViewController.m in Sources */ = {isa = PBXBuildFile; fileRef = A91B85061908E390008B9BFD /* Content_5_ViewController.m */; };
		A91B850A1908EE6B008B9BFD /* Content_5_1_ViewController.m in Sources */ = {isa = PBXBuildFile; fileRef = A91B85091908EE6B008B9BFD /* Content_5_1_ViewController.m */; };
		A91B850D1908EE7C008B9BFD /* Content_5_2_ViewController.m in Sources */ = {isa = PBXBuildFile; fileRef = A91B850C1908EE7C008B9BFD /* Content_5_2_ViewController.m */; };
		A91B85101908EE8B008B9BFD /* Content_5_3_ViewController.m in Sources */ = {isa = PBXBuildFile; fileRef = A91B850F1908EE8B008B9BFD /* Content_5_3_ViewController.m */; };
		A91E7DFA18F3CFFB009DC4B4 /* WebShowViewController.m in Sources */ = {isa = PBXBuildFile; fileRef = A91E7DF918F3CFFB009DC4B4 /* WebShowViewController.m */; };
		A91E7DFD18F3D054009DC4B4 /* MBProgressHUD.m in Sources */ = {isa = PBXBuildFile; fileRef = A91E7DFC18F3D054009DC4B4 /* MBProgressHUD.m */; };
		A91E7E0018F3D351009DC4B4 /* Content_1_1_ViewController.m in Sources */ = {isa = PBXBuildFile; fileRef = A91E7DFF18F3D351009DC4B4 /* Content_1_1_ViewController.m */; };
		A91E7E1018F3D97C009DC4B4 /* webPage in Resources */ = {isa = PBXBuildFile; fileRef = A91E7E0F18F3D97C009DC4B4 /* webPage */; };
		A91E7E1218F3DC75009DC4B4 /* webbg@2x.png in Resources */ = {isa = PBXBuildFile; fileRef = A91E7E1118F3DC75009DC4B4 /* webbg@2x.png */; };
		A92AD0BE18ED378800F5795A /* MHCustomTabBarController.m in Sources */ = {isa = PBXBuildFile; fileRef = A92AD0BB18ED378800F5795A /* MHCustomTabBarController.m */; };
		A92AD0BF18ED378800F5795A /* MHTabBarSegue.m in Sources */ = {isa = PBXBuildFile; fileRef = A92AD0BD18ED378800F5795A /* MHTabBarSegue.m */; };
		A92AD0C218ED3BC000F5795A /* tarbgbar_on@2x.png in Resources */ = {isa = PBXBuildFile; fileRef = A92AD0C118ED3BC000F5795A /* tarbgbar_on@2x.png */; };
		A92AD0C418ED47D000F5795A /* tarbgbar@2x.png in Resources */ = {isa = PBXBuildFile; fileRef = A92AD0C318ED47D000F5795A /* tarbgbar@2x.png */; };
		A92AD0C718ED768E00F5795A /* TestTableViewController.m in Sources */ = {isa = PBXBuildFile; fileRef = A92AD0C618ED768E00F5795A /* TestTableViewController.m */; };
		A93BADF818F4F051005E3361 /* Content_1_2_1_1_ViewController.m in Sources */ = {isa = PBXBuildFile; fileRef = A93BADF718F4F051005E3361 /* Content_1_2_1_1_ViewController.m */; };
		A9507CAA1904F0AF00016C2D /* intro1@2x.jpg in Resources */ = {isa = PBXBuildFile; fileRef = A9507CA71904F0AF00016C2D /* intro1@2x.jpg */; };
		A9507CAB1904F0AF00016C2D /* intro2@2x.jpg in Resources */ = {isa = PBXBuildFile; fileRef = A9507CA81904F0AF00016C2D /* intro2@2x.jpg */; };
		A9507CAC1904F0AF00016C2D /* intro3@2x.jpg in Resources */ = {isa = PBXBuildFile; fileRef = A9507CA91904F0AF00016C2D /* intro3@2x.jpg */; };
		A9507CAF1904F5DA00016C2D /* IntroViewController.m in Sources */ = {isa = PBXBuildFile; fileRef = A9507CAE1904F5DA00016C2D /* IntroViewController.m */; };
		A955FC901909FF5300A21C22 /* neibupeitao_on@2x.png in Resources */ = {isa = PBXBuildFile; fileRef = A955FC8C1909FF5300A21C22 /* neibupeitao_on@2x.png */; };
		A955FC911909FF5300A21C22 /* neibupeitao@2x.png in Resources */ = {isa = PBXBuildFile; fileRef = A955FC8D1909FF5300A21C22 /* neibupeitao@2x.png */; };
		A955FC921909FF5300A21C22 /* waibupeitao_on@2x.png in Resources */ = {isa = PBXBuildFile; fileRef = A955FC8E1909FF5300A21C22 /* waibupeitao_on@2x.png */; };
		A955FC931909FF5300A21C22 /* waibupeitao@2x.png in Resources */ = {isa = PBXBuildFile; fileRef = A955FC8F1909FF5300A21C22 /* waibupeitao@2x.png */; };
		A955FC96190A036C00A21C22 /* Default-568h@2x.png in Resources */ = {isa = PBXBuildFile; fileRef = A955FC94190A036C00A21C22 /* Default-568h@2x.png */; };
		A955FC97190A036C00A21C22 /* Default@2x.png in Resources */ = {isa = PBXBuildFile; fileRef = A955FC95190A036C00A21C22 /* Default@2x.png */; };
		A955FC9B190A048500A21C22 /* icon-58@2x.png in Resources */ = {isa = PBXBuildFile; fileRef = A955FC98190A048500A21C22 /* icon-58@2x.png */; };
		A955FC9C190A048500A21C22 /* icon-80@2x.png in Resources */ = {isa = PBXBuildFile; fileRef = A955FC99190A048500A21C22 /* icon-80@2x.png */; };
		A955FC9D190A048500A21C22 /* icon-120@2x.png in Resources */ = {isa = PBXBuildFile; fileRef = A955FC9A190A048500A21C22 /* icon-120@2x.png */; };
		A955FCA0190A0A3200A21C22 /* tarbtnbg_on@2x.png in Resources */ = {isa = PBXBuildFile; fileRef = A955FC9E190A0A3200A21C22 /* tarbtnbg_on@2x.png */; };
		A955FCA1190A0A3200A21C22 /* tarbtnbg@2x.png in Resources */ = {isa = PBXBuildFile; fileRef = A955FC9F190A0A3200A21C22 /* tarbtnbg@2x.png */; };
		A965C10318F63ABF0019D2F9 /* MMDrawerBarButtonItem.m in Sources */ = {isa = PBXBuildFile; fileRef = A965C0FB18F63ABF0019D2F9 /* MMDrawerBarButtonItem.m */; };
		A965C10418F63ABF0019D2F9 /* MMDrawerController.m in Sources */ = {isa = PBXBuildFile; fileRef = A965C0FE18F63ABF0019D2F9 /* MMDrawerController.m */; };
		A965C10518F63ABF0019D2F9 /* MMDrawerVisualState.m in Sources */ = {isa = PBXBuildFile; fileRef = A965C10018F63ABF0019D2F9 /* MMDrawerVisualState.m */; };
		A965C10618F63ABF0019D2F9 /* UIViewController+MMDrawerController.m in Sources */ = {isa = PBXBuildFile; fileRef = A965C10218F63ABF0019D2F9 /* UIViewController+MMDrawerController.m */; };
		A965C10918F63DDA0019D2F9 /* Content_2_ViewController.m in Sources */ = {isa = PBXBuildFile; fileRef = A965C10818F63DDA0019D2F9 /* Content_2_ViewController.m */; };
		A965C10C18F641560019D2F9 /* RootMenuViewController.m in Sources */ = {isa = PBXBuildFile; fileRef = A965C10B18F641560019D2F9 /* RootMenuViewController.m */; };
		A965C10F18F648290019D2F9 /* Content_2R_ViewController.m in Sources */ = {isa = PBXBuildFile; fileRef = A965C10E18F648290019D2F9 /* Content_2R_ViewController.m */; };
		A965C11418F669BF0019D2F9 /* lrbg@2x.png in Resources */ = {isa = PBXBuildFile; fileRef = A965C11318F669BF0019D2F9 /* lrbg@2x.png */; };
		A965C11818F676F20019D2F9 /* Content_2C_ViewController.m in Sources */ = {isa = PBXBuildFile; fileRef = A965C11718F676F20019D2F9 /* Content_2C_ViewController.m */; };
		A97B63DA18F79DC20008F9F0 /* local@2x.jpg in Resources */ = {isa = PBXBuildFile; fileRef = A97B63D718F79DC20008F9F0 /* local@2x.jpg */; };
		A97B63DE18F7B81E0008F9F0 /* Content_2_3_ViewController.m in Sources */ = {isa = PBXBuildFile; fileRef = A97B63DD18F7B81E0008F9F0 /* Content_2_3_ViewController.m */; };
		A97B63E118F7B8D30008F9F0 /* Content_2_4_ViewController.m in Sources */ = {isa = PBXBuildFile; fileRef = A97B63E018F7B8D30008F9F0 /* Content_2_4_ViewController.m */; };
		A97CC0AF18F51B4500C36E01 /* Content_1_2_2_1_ViewController.m in Sources */ = {isa = PBXBuildFile; fileRef = A97CC0AE18F51B4500C36E01 /* Content_1_2_2_1_ViewController.m */; };
		A97CC0B218F5227100C36E01 /* Content_1_3_1_ViewController.m in Sources */ = {isa = PBXBuildFile; fileRef = A97CC0B118F5227100C36E01 /* Content_1_3_1_ViewController.m */; };
		A97CC0B518F5397100C36E01 /* Content_1_4_1_ViewController.m in Sources */ = {isa = PBXBuildFile; fileRef = A97CC0B418F5397100C36E01 /* Content_1_4_1_ViewController.m */; };
		A97CC0B818F5409500C36E01 /* WithBackBtnViewController.m in Sources */ = {isa = PBXBuildFile; fileRef = A97CC0B718F5409500C36E01 /* WithBackBtnViewController.m */; };
		A97CC0BA18F541E100C36E01 /* backBtn@2x.png in Resources */ = {isa = PBXBuildFile; fileRef = A97CC0B918F541E100C36E01 /* backBtn@2x.png */; };
		A97CC0C118F54FD700C36E01 /* FontAwesome.ttf in Resources */ = {isa = PBXBuildFile; fileRef = A97CC0C018F54FD700C36E01 /* FontAwesome.ttf */; };
		A97CC0C418F5506500C36E01 /* NSString+FontAwesome.m in Sources */ = {isa = PBXBuildFile; fileRef = A97CC0C318F5506500C36E01 /* NSString+FontAwesome.m */; };
		A9A7A2571907964E0086C232 /* Content_1_3_ViewController.m in Sources */ = {isa = PBXBuildFile; fileRef = A9A7A2561907964E0086C232 /* Content_1_3_ViewController.m */; };
		A9A7A25A190796980086C232 /* Content_1_4_ViewController.m in Sources */ = {isa = PBXBuildFile; fileRef = A9A7A259190796980086C232 /* Content_1_4_ViewController.m */; };
		A9A7A26119079C5D0086C232 /* zhihui2_text@2x.png in Resources */ = {isa = PBXBuildFile; fileRef = A9A7A25B19079C5D0086C232 /* zhihui2_text@2x.png */; };
		A9A7A26219079C5D0086C232 /* zhihui2@2x.jpg in Resources */ = {isa = PBXBuildFile; fileRef = A9A7A25C19079C5D0086C232 /* zhihui2@2x.jpg */; };
		A9A7A26319079C5D0086C232 /* zhihui3_text@2x.png in Resources */ = {isa = PBXBuildFile; fileRef = A9A7A25D19079C5D0086C232 /* zhihui3_text@2x.png */; };
		A9A7A26419079C5D0086C232 /* zhihui3@2x.jpg in Resources */ = {isa = PBXBuildFile; fileRef = A9A7A25E19079C5D0086C232 /* zhihui3@2x.jpg */; };
		A9A7A26519079C5D0086C232 /* zhihui4_text@2x.png in Resources */ = {isa = PBXBuildFile; fileRef = A9A7A25F19079C5D0086C232 /* zhihui4_text@2x.png */; };
		A9A7A26619079C5D0086C232 /* zhihui4@2x.jpg in Resources */ = {isa = PBXBuildFile; fileRef = A9A7A26019079C5D0086C232 /* zhihui4@2x.jpg */; };
		A9A7A2691907BD4A0086C232 /* TrButton.m in Sources */ = {isa = PBXBuildFile; fileRef = A9A7A2681907BD4A0086C232 /* TrButton.m */; };
		A9A7A26D1907CE9F0086C232 /* XppUtil.m in Sources */ = {isa = PBXBuildFile; fileRef = A9A7A26C1907CE9F0086C232 /* XppUtil.m */; };
		A9A7A2711907D7A40086C232 /* telmap@2x.jpg in Resources */ = {isa = PBXBuildFile; fileRef = A9A7A2701907D7A40086C232 /* telmap@2x.jpg */; };
		A9A7A2731907D8500086C232 /* tel_btn2@2x.png in Resources */ = {isa = PBXBuildFile; fileRef = A9A7A2721907D8500086C232 /* tel_btn2@2x.png */; };
		A9B74073190A521D001E85AE /* dddbar_m1@2x.png in Resources */ = {isa = PBXBuildFile; fileRef = A9B7406B190A521D001E85AE /* dddbar_m1@2x.png */; };
		A9B74075190A521D001E85AE /* dddbar_m2@2x.png in Resources */ = {isa = PBXBuildFile; fileRef = A9B7406D190A521D001E85AE /* dddbar_m2@2x.png */; };
		A9B74077190A521D001E85AE /* dddbar_m3@2x.png in Resources */ = {isa = PBXBuildFile; fileRef = A9B7406F190A521D001E85AE /* dddbar_m3@2x.png */; };
		A9B74079190A521D001E85AE /* dddbar_m4@2x.png in Resources */ = {isa = PBXBuildFile; fileRef = A9B74071190A521D001E85AE /* dddbar_m4@2x.png */; };
		A9B7407B190A5599001E85AE /* dddbar_on@2x.png in Resources */ = {isa = PBXBuildFile; fileRef = A9B7407A190A5599001E85AE /* dddbar_on@2x.png */; };
		A9B7407D190A5844001E85AE /* rootmenu_hi@2x.png in Resources */ = {isa = PBXBuildFile; fileRef = A9B7407C190A5844001E85AE /* rootmenu_hi@2x.png */; };
		A9B762991906104200046C52 /* tel_btn@2x.png in Resources */ = {isa = PBXBuildFile; fileRef = A9B762981906104200046C52 /* tel_btn@2x.png */; };
		A9B7629D19063C0500046C52 /* index_banner@2x.jpg in Resources */ = {isa = PBXBuildFile; fileRef = A9B7629B19063C0500046C52 /* index_banner@2x.jpg */; };
		A9B7629E19063C0500046C52 /* index_logo@2x.png in Resources */ = {isa = PBXBuildFile; fileRef = A9B7629C19063C0500046C52 /* index_logo@2x.png */; };
		A9B762A419065BC400046C52 /* CirButton.m in Sources */ = {isa = PBXBuildFile; fileRef = A9B762A319065BC400046C52 /* CirButton.m */; };
		A9B762AB190664FE00046C52 /* Content_1_2_ViewController.m in Sources */ = {isa = PBXBuildFile; fileRef = A9B762AA190664FE00046C52 /* Content_1_2_ViewController.m */; };
		A9C0EF541909176500E1A38D /* Content_3_2_ViewController.m in Sources */ = {isa = PBXBuildFile; fileRef = A9C0EF531909176500E1A38D /* Content_3_2_ViewController.m */; };
		A9D73DCB18ED0F4B0014BD47 /* Foundation.framework in Frameworks */ = {isa = PBXBuildFile; fileRef = A9D73DCA18ED0F4B0014BD47 /* Foundation.framework */; };
		A9D73DCD18ED0F4B0014BD47 /* CoreGraphics.framework in Frameworks */ = {isa = PBXBuildFile; fileRef = A9D73DCC18ED0F4B0014BD47 /* CoreGraphics.framework */; };
		A9D73DCF18ED0F4B0014BD47 /* UIKit.framework in Frameworks */ = {isa = PBXBuildFile; fileRef = A9D73DCE18ED0F4B0014BD47 /* UIKit.framework */; };
		A9D73DD518ED0F4B0014BD47 /* InfoPlist.strings in Resources */ = {isa = PBXBuildFile; fileRef = A9D73DD318ED0F4B0014BD47 /* InfoPlist.strings */; };
		A9D73DD718ED0F4B0014BD47 /* main.m in Sources */ = {isa = PBXBuildFile; fileRef = A9D73DD618ED0F4B0014BD47 /* main.m */; };
		A9D73DDB18ED0F4B0014BD47 /* AppDelegate.m in Sources */ = {isa = PBXBuildFile; fileRef = A9D73DDA18ED0F4B0014BD47 /* AppDelegate.m */; };
		A9D73DDE18ED0F4B0014BD47 /* Main.storyboard in Resources */ = {isa = PBXBuildFile; fileRef = A9D73DDC18ED0F4B0014BD47 /* Main.storyboard */; };
		A9D73DE118ED0F4B0014BD47 /* ViewController.m in Sources */ = {isa = PBXBuildFile; fileRef = A9D73DE018ED0F4B0014BD47 /* ViewController.m */; };
		A9D73DE318ED0F4B0014BD47 /* Images.xcassets in Resources */ = {isa = PBXBuildFile; fileRef = A9D73DE218ED0F4B0014BD47 /* Images.xcassets */; };
		A9F32621190BFEE300F12D0D /* Reveal.framework in Frameworks */ = {isa = PBXBuildFile; fileRef = A9F32620190BFEE300F12D0D /* Reveal.framework */; };
		A9F32623190BFF0600F12D0D /* CFNetwork.framework in Frameworks */ = {isa = PBXBuildFile; fileRef = A9F32622190BFF0600F12D0D /* CFNetwork.framework */; };
		A9F32625190BFF1000F12D0D /* QuartzCore.framework in Frameworks */ = {isa = PBXBuildFile; fileRef = A9F32624190BFF1000F12D0D /* QuartzCore.framework */; };
/* End PBXBuildFile section */

/* Begin PBXFileReference section */
		A9026D4518F7EA4B000B2FF9 /* daolu.jpg */ = {isa = PBXFileReference; lastKnownFileType = image.jpeg; path = daolu.jpg; sourceTree = "<group>"; };
		A9026D4618F7EA4B000B2FF9 /* guidao.jpg */ = {isa = PBXFileReference; lastKnownFileType = image.jpeg; path = guidao.jpg; sourceTree = "<group>"; };
		A910D43D18F68E3200A2DB70 /* Content_2_1_ViewController.h */ = {isa = PBXFileReference; fileEncoding = 4; lastKnownFileType = sourcecode.c.h; name = Content_2_1_ViewController.h; path = Controllers/Content_2_1_ViewController.h; sourceTree = "<group>"; };
		A910D43E18F68E3200A2DB70 /* Content_2_1_ViewController.m */ = {isa = PBXFileReference; fileEncoding = 4; lastKnownFileType = sourcecode.c.objc; name = Content_2_1_ViewController.m; path = Controllers/Content_2_1_ViewController.m; sourceTree = "<group>"; };
		A910D44018F68FB400A2DB70 /* Content_2_2_ViewController.h */ = {isa = PBXFileReference; fileEncoding = 4; lastKnownFileType = sourcecode.c.h; name = Content_2_2_ViewController.h; path = Controllers/Content_2_2_ViewController.h; sourceTree = "<group>"; };
		A910D44118F68FB400A2DB70 /* Content_2_2_ViewController.m */ = {isa = PBXFileReference; fileEncoding = 4; lastKnownFileType = sourcecode.c.objc; name = Content_2_2_ViewController.m; path = Controllers/Content_2_2_ViewController.m; sourceTree = "<group>"; };
		A91436391908F5B000A6C5EC /* fuli3dindex@2x.jpg */ = {isa = PBXFileReference; lastKnownFileType = image.jpeg; path = "fuli3dindex@2x.jpg"; sourceTree = "<group>"; };
		A914363F1908F7E300A6C5EC /* arrow_down@2x.png */ = {isa = PBXFileReference; lastKnownFileType = image.png; path = "arrow_down@2x.png"; sourceTree = "<group>"; };
		A91436401908F7E300A6C5EC /* arrow_ux_up@2x.png */ = {isa = PBXFileReference; lastKnownFileType = image.png; path = "arrow_ux_up@2x.png"; sourceTree = "<group>"; };
		A9143647190906C100A6C5EC /* waibu_on@2x.png */ = {isa = PBXFileReference; lastKnownFileType = image.png; path = "waibu_on@2x.png"; sourceTree = "<group>"; };
		A9143648190906C100A6C5EC /* waibu@2x.png */ = {isa = PBXFileReference; lastKnownFileType = image.png; path = "waibu@2x.png"; sourceTree = "<group>"; };
		A9143649190906C100A6C5EC /* xiaoqu_on@2x.png */ = {isa = PBXFileReference; lastKnownFileType = image.png; path = "xiaoqu_on@2x.png"; sourceTree = "<group>"; };
		A914364A190906C100A6C5EC /* xiaoqu@2x.png */ = {isa = PBXFileReference; lastKnownFileType = image.png; path = "xiaoqu@2x.png"; sourceTree = "<group>"; };
		A914364F1909078300A6C5EC /* Content_3_1_ViewController.h */ = {isa = PBXFileReference; fileEncoding = 4; lastKnownFileType = sourcecode.c.h; name = Content_3_1_ViewController.h; path = Controllers/Content_3_1_ViewController.h; sourceTree = "<group>"; };
		A91436501909078300A6C5EC /* Content_3_1_ViewController.m */ = {isa = PBXFileReference; fileEncoding = 4; lastKnownFileType = sourcecode.c.objc; name = Content_3_1_ViewController.m; path = Controllers/Content_3_1_ViewController.m; sourceTree = "<group>"; };
		A91B84F31908ACF3008B9BFD /* Content_3_ViewController.h */ = {isa = PBXFileReference; fileEncoding = 4; lastKnownFileType = sourcecode.c.h; name = Content_3_ViewController.h; path = Controllers/Content_3_ViewController.h; sourceTree = "<group>"; };
		A91B84F41908ACF3008B9BFD /* Content_3_ViewController.m */ = {isa = PBXFileReference; fileEncoding = 4; lastKnownFileType = sourcecode.c.objc; name = Content_3_ViewController.m; path = Controllers/Content_3_ViewController.m; sourceTree = "<group>"; };
		A91B84F61908AF56008B9BFD /* business_bg@2x.jpg */ = {isa = PBXFileReference; lastKnownFileType = image.jpeg; path = "business_bg@2x.jpg"; sourceTree = "<group>"; };
		A91B84F71908AF56008B9BFD /* business_btn1@2x.png */ = {isa = PBXFileReference; lastKnownFileType = image.png; path = "business_btn1@2x.png"; sourceTree = "<group>"; };
		A91B84F91908AF56008B9BFD /* business_btn2@2x.png */ = {isa = PBXFileReference; lastKnownFileType = image.png; path = "business_btn2@2x.png"; sourceTree = "<group>"; };
		A91B84FB1908AF56008B9BFD /* business_btn3@2x.png */ = {isa = PBXFileReference; lastKnownFileType = image.png; path = "business_btn3@2x.png"; sourceTree = "<group>"; };
		A91B85051908E390008B9BFD /* Content_5_ViewController.h */ = {isa = PBXFileReference; fileEncoding = 4; lastKnownFileType = sourcecode.c.h; name = Content_5_ViewController.h; path = Controllers/Content_5_ViewController.h; sourceTree = "<group>"; };
		A91B85061908E390008B9BFD /* Content_5_ViewController.m */ = {isa = PBXFileReference; fileEncoding = 4; lastKnownFileType = sourcecode.c.objc; name = Content_5_ViewController.m; path = Controllers/Content_5_ViewController.m; sourceTree = "<group>"; };
		A91B85081908EE6B008B9BFD /* Content_5_1_ViewController.h */ = {isa = PBXFileReference; fileEncoding = 4; lastKnownFileType = sourcecode.c.h; name = Content_5_1_ViewController.h; path = Controllers/Content_5_1_ViewController.h; sourceTree = "<group>"; };
		A91B85091908EE6B008B9BFD /* Content_5_1_ViewController.m */ = {isa = PBXFileReference; fileEncoding = 4; lastKnownFileType = sourcecode.c.objc; name = Content_5_1_ViewController.m; path = Controllers/Content_5_1_ViewController.m; sourceTree = "<group>"; };
		A91B850B1908EE7C008B9BFD /* Content_5_2_ViewController.h */ = {isa = PBXFileReference; fileEncoding = 4; lastKnownFileType = sourcecode.c.h; name = Content_5_2_ViewController.h; path = Controllers/Content_5_2_ViewController.h; sourceTree = "<group>"; };
		A91B850C1908EE7C008B9BFD /* Content_5_2_ViewController.m */ = {isa = PBXFileReference; fileEncoding = 4; lastKnownFileType = sourcecode.c.objc; name = Content_5_2_ViewController.m; path = Controllers/Content_5_2_ViewController.m; sourceTree = "<group>"; };
		A91B850E1908EE8B008B9BFD /* Content_5_3_ViewController.h */ = {isa = PBXFileReference; fileEncoding = 4; lastKnownFileType = sourcecode.c.h; path = Content_5_3_ViewController.h; sourceTree = "<group>"; };
		A91B850F1908EE8B008B9BFD /* Content_5_3_ViewController.m */ = {isa = PBXFileReference; fileEncoding = 4; lastKnownFileType = sourcecode.c.objc; path = Content_5_3_ViewController.m; sourceTree = "<group>"; };
		A91E7DF818F3CFFB009DC4B4 /* WebShowViewController.h */ = {isa = PBXFileReference; fileEncoding = 4; lastKnownFileType = sourcecode.c.h; name = WebShowViewController.h; path = Controllers/WebShowViewController.h; sourceTree = "<group>"; };
		A91E7DF918F3CFFB009DC4B4 /* WebShowViewController.m */ = {isa = PBXFileReference; fileEncoding = 4; lastKnownFileType = sourcecode.c.objc; name = WebShowViewController.m; path = Controllers/WebShowViewController.m; sourceTree = "<group>"; };
		A91E7DFB18F3D054009DC4B4 /* MBProgressHUD.h */ = {isa = PBXFileReference; fileEncoding = 4; lastKnownFileType = sourcecode.c.h; path = MBProgressHUD.h; sourceTree = "<group>"; };
		A91E7DFC18F3D054009DC4B4 /* MBProgressHUD.m */ = {isa = PBXFileReference; fileEncoding = 4; lastKnownFileType = sourcecode.c.objc; path = MBProgressHUD.m; sourceTree = "<group>"; };
		A91E7DFE18F3D351009DC4B4 /* Content_1_1_ViewController.h */ = {isa = PBXFileReference; fileEncoding = 4; lastKnownFileType = sourcecode.c.h; name = Content_1_1_ViewController.h; path = Controllers/Content_1_1_ViewController.h; sourceTree = "<group>"; };
		A91E7DFF18F3D351009DC4B4 /* Content_1_1_ViewController.m */ = {isa = PBXFileReference; fileEncoding = 4; lastKnownFileType = sourcecode.c.objc; name = Content_1_1_ViewController.m; path = Controllers/Content_1_1_ViewController.m; sourceTree = "<group>"; };
		A91E7E0F18F3D97C009DC4B4 /* webPage */ = {isa = PBXFileReference; lastKnownFileType = folder; path = webPage; sourceTree = "<group>"; };
		A91E7E1118F3DC75009DC4B4 /* webbg@2x.png */ = {isa = PBXFileReference; lastKnownFileType = image.png; path = "webbg@2x.png"; sourceTree = "<group>"; };
		A92AD0BA18ED378800F5795A /* MHCustomTabBarController.h */ = {isa = PBXFileReference; fileEncoding = 4; lastKnownFileType = sourcecode.c.h; path = MHCustomTabBarController.h; sourceTree = "<group>"; };
		A92AD0BB18ED378800F5795A /* MHCustomTabBarController.m */ = {isa = PBXFileReference; fileEncoding = 4; lastKnownFileType = sourcecode.c.objc; path = MHCustomTabBarController.m; sourceTree = "<group>"; };
		A92AD0BC18ED378800F5795A /* MHTabBarSegue.h */ = {isa = PBXFileReference; fileEncoding = 4; lastKnownFileType = sourcecode.c.h; path = MHTabBarSegue.h; sourceTree = "<group>"; };
		A92AD0BD18ED378800F5795A /* MHTabBarSegue.m */ = {isa = PBXFileReference; fileEncoding = 4; lastKnownFileType = sourcecode.c.objc; path = MHTabBarSegue.m; sourceTree = "<group>"; };
		A92AD0C118ED3BC000F5795A /* tarbgbar_on@2x.png */ = {isa = PBXFileReference; lastKnownFileType = image.png; path = "tarbgbar_on@2x.png"; sourceTree = "<group>"; };
		A92AD0C318ED47D000F5795A /* tarbgbar@2x.png */ = {isa = PBXFileReference; lastKnownFileType = image.png; path = "tarbgbar@2x.png"; sourceTree = "<group>"; };
		A92AD0C518ED768E00F5795A /* TestTableViewController.h */ = {isa = PBXFileReference; fileEncoding = 4; lastKnownFileType = sourcecode.c.h; path = TestTableViewController.h; sourceTree = "<group>"; };
		A92AD0C618ED768E00F5795A /* TestTableViewController.m */ = {isa = PBXFileReference; fileEncoding = 4; lastKnownFileType = sourcecode.c.objc; path = TestTableViewController.m; sourceTree = "<group>"; };
		A93BADF618F4F051005E3361 /* Content_1_2_1_1_ViewController.h */ = {isa = PBXFileReference; fileEncoding = 4; lastKnownFileType = sourcecode.c.h; name = Content_1_2_1_1_ViewController.h; path = Controllers/Content_1_2_1_1_ViewController.h; sourceTree = "<group>"; };
		A93BADF718F4F051005E3361 /* Content_1_2_1_1_ViewController.m */ = {isa = PBXFileReference; fileEncoding = 4; lastKnownFileType = sourcecode.c.objc; name = Content_1_2_1_1_ViewController.m; path = Controllers/Content_1_2_1_1_ViewController.m; sourceTree = "<group>"; };
		A9507CA71904F0AF00016C2D /* intro1@2x.jpg */ = {isa = PBXFileReference; lastKnownFileType = image.jpeg; path = "intro1@2x.jpg"; sourceTree = "<group>"; };
		A9507CA81904F0AF00016C2D /* intro2@2x.jpg */ = {isa = PBXFileReference; lastKnownFileType = image.jpeg; path = "intro2@2x.jpg"; sourceTree = "<group>"; };
		A9507CA91904F0AF00016C2D /* intro3@2x.jpg */ = {isa = PBXFileReference; lastKnownFileType = image.jpeg; path = "intro3@2x.jpg"; sourceTree = "<group>"; };
		A9507CAD1904F5DA00016C2D /* IntroViewController.h */ = {isa = PBXFileReference; fileEncoding = 4; lastKnownFileType = sourcecode.c.h; name = IntroViewController.h; path = Controllers/IntroViewController.h; sourceTree = "<group>"; };
		A9507CAE1904F5DA00016C2D /* IntroViewController.m */ = {isa = PBXFileReference; fileEncoding = 4; lastKnownFileType = sourcecode.c.objc; name = IntroViewController.m; path = Controllers/IntroViewController.m; sourceTree = "<group>"; };
		A955FC8C1909FF5300A21C22 /* neibupeitao_on@2x.png */ = {isa = PBXFileReference; lastKnownFileType = image.png; path = "neibupeitao_on@2x.png"; sourceTree = "<group>"; };
		A955FC8D1909FF5300A21C22 /* neibupeitao@2x.png */ = {isa = PBXFileReference; lastKnownFileType = image.png; path = "neibupeitao@2x.png"; sourceTree = "<group>"; };
		A955FC8E1909FF5300A21C22 /* waibupeitao_on@2x.png */ = {isa = PBXFileReference; lastKnownFileType = image.png; path = "waibupeitao_on@2x.png"; sourceTree = "<group>"; };
		A955FC8F1909FF5300A21C22 /* waibupeitao@2x.png */ = {isa = PBXFileReference; lastKnownFileType = image.png; path = "waibupeitao@2x.png"; sourceTree = "<group>"; };
		A955FC94190A036C00A21C22 /* Default-568h@2x.png */ = {isa = PBXFileReference; lastKnownFileType = image.png; path = "Default-568h@2x.png"; sourceTree = "<group>"; };
		A955FC95190A036C00A21C22 /* Default@2x.png */ = {isa = PBXFileReference; lastKnownFileType = image.png; path = "Default@2x.png"; sourceTree = "<group>"; };
		A955FC98190A048500A21C22 /* icon-58@2x.png */ = {isa = PBXFileReference; lastKnownFileType = image.png; path = "icon-58@2x.png"; sourceTree = "<group>"; };
		A955FC99190A048500A21C22 /* icon-80@2x.png */ = {isa = PBXFileReference; lastKnownFileType = image.png; path = "icon-80@2x.png"; sourceTree = "<group>"; };
		A955FC9A190A048500A21C22 /* icon-120@2x.png */ = {isa = PBXFileReference; lastKnownFileType = image.png; path = "icon-120@2x.png"; sourceTree = "<group>"; };
		A955FC9E190A0A3200A21C22 /* tarbtnbg_on@2x.png */ = {isa = PBXFileReference; lastKnownFileType = image.png; path = "tarbtnbg_on@2x.png"; sourceTree = "<group>"; };
		A955FC9F190A0A3200A21C22 /* tarbtnbg@2x.png */ = {isa = PBXFileReference; lastKnownFileType = image.png; path = "tarbtnbg@2x.png"; sourceTree = "<group>"; };
		A965C0FA18F63ABF0019D2F9 /* MMDrawerBarButtonItem.h */ = {isa = PBXFileReference; fileEncoding = 4; lastKnownFileType = sourcecode.c.h; path = MMDrawerBarButtonItem.h; sourceTree = "<group>"; };
		A965C0FB18F63ABF0019D2F9 /* MMDrawerBarButtonItem.m */ = {isa = PBXFileReference; fileEncoding = 4; lastKnownFileType = sourcecode.c.objc; path = MMDrawerBarButtonItem.m; sourceTree = "<group>"; };
		A965C0FC18F63ABF0019D2F9 /* MMDrawerController+Subclass.h */ = {isa = PBXFileReference; fileEncoding = 4; lastKnownFileType = sourcecode.c.h; path = "MMDrawerController+Subclass.h"; sourceTree = "<group>"; };
		A965C0FD18F63ABF0019D2F9 /* MMDrawerController.h */ = {isa = PBXFileReference; fileEncoding = 4; lastKnownFileType = sourcecode.c.h; path = MMDrawerController.h; sourceTree = "<group>"; };
		A965C0FE18F63ABF0019D2F9 /* MMDrawerController.m */ = {isa = PBXFileReference; fileEncoding = 4; lastKnownFileType = sourcecode.c.objc; path = MMDrawerController.m; sourceTree = "<group>"; };
		A965C0FF18F63ABF0019D2F9 /* MMDrawerVisualState.h */ = {isa = PBXFileReference; fileEncoding = 4; lastKnownFileType = sourcecode.c.h; path = MMDrawerVisualState.h; sourceTree = "<group>"; };
		A965C10018F63ABF0019D2F9 /* MMDrawerVisualState.m */ = {isa = PBXFileReference; fileEncoding = 4; lastKnownFileType = sourcecode.c.objc; path = MMDrawerVisualState.m; sourceTree = "<group>"; };
		A965C10118F63ABF0019D2F9 /* UIViewController+MMDrawerController.h */ = {isa = PBXFileReference; fileEncoding = 4; lastKnownFileType = sourcecode.c.h; path = "UIViewController+MMDrawerController.h"; sourceTree = "<group>"; };
		A965C10218F63ABF0019D2F9 /* UIViewController+MMDrawerController.m */ = {isa = PBXFileReference; fileEncoding = 4; lastKnownFileType = sourcecode.c.objc; path = "UIViewController+MMDrawerController.m"; sourceTree = "<group>"; };
		A965C10718F63DDA0019D2F9 /* Content_2_ViewController.h */ = {isa = PBXFileReference; fileEncoding = 4; lastKnownFileType = sourcecode.c.h; name = Content_2_ViewController.h; path = Controllers/Content_2_ViewController.h; sourceTree = "<group>"; };
		A965C10818F63DDA0019D2F9 /* Content_2_ViewController.m */ = {isa = PBXFileReference; fileEncoding = 4; lastKnownFileType = sourcecode.c.objc; name = Content_2_ViewController.m; path = Controllers/Content_2_ViewController.m; sourceTree = "<group>"; };
		A965C10A18F641560019D2F9 /* RootMenuViewController.h */ = {isa = PBXFileReference; fileEncoding = 4; lastKnownFileType = sourcecode.c.h; name = RootMenuViewController.h; path = Controllers/RootMenuViewController.h; sourceTree = "<group>"; };
		A965C10B18F641560019D2F9 /* RootMenuViewController.m */ = {isa = PBXFileReference; fileEncoding = 4; lastKnownFileType = sourcecode.c.objc; name = RootMenuViewController.m; path = Controllers/RootMenuViewController.m; sourceTree = "<group>"; };
		A965C10D18F648290019D2F9 /* Content_2R_ViewController.h */ = {isa = PBXFileReference; fileEncoding = 4; lastKnownFileType = sourcecode.c.h; name = Content_2R_ViewController.h; path = Controllers/Content_2R_ViewController.h; sourceTree = "<group>"; };
		A965C10E18F648290019D2F9 /* Content_2R_ViewController.m */ = {isa = PBXFileReference; fileEncoding = 4; lastKnownFileType = sourcecode.c.objc; name = Content_2R_ViewController.m; path = Controllers/Content_2R_ViewController.m; sourceTree = "<group>"; };
		A965C11318F669BF0019D2F9 /* lrbg@2x.png */ = {isa = PBXFileReference; lastKnownFileType = image.png; path = "lrbg@2x.png"; sourceTree = "<group>"; };
		A965C11618F676F20019D2F9 /* Content_2C_ViewController.h */ = {isa = PBXFileReference; fileEncoding = 4; lastKnownFileType = sourcecode.c.h; name = Content_2C_ViewController.h; path = Controllers/Content_2C_ViewController.h; sourceTree = "<group>"; };
		A965C11718F676F20019D2F9 /* Content_2C_ViewController.m */ = {isa = PBXFileReference; fileEncoding = 4; lastKnownFileType = sourcecode.c.objc; name = Content_2C_ViewController.m; path = Controllers/Content_2C_ViewController.m; sourceTree = "<group>"; };
		A97B63D718F79DC20008F9F0 /* local@2x.jpg */ = {isa = PBXFileReference; lastKnownFileType = image.jpeg; path = "local@2x.jpg"; sourceTree = "<group>"; };
		A97B63DC18F7B81E0008F9F0 /* Content_2_3_ViewController.h */ = {isa = PBXFileReference; fileEncoding = 4; lastKnownFileType = sourcecode.c.h; name = Content_2_3_ViewController.h; path = Controllers/Content_2_3_ViewController.h; sourceTree = "<group>"; };
		A97B63DD18F7B81E0008F9F0 /* Content_2_3_ViewController.m */ = {isa = PBXFileReference; fileEncoding = 4; lastKnownFileType = sourcecode.c.objc; name = Content_2_3_ViewController.m; path = Controllers/Content_2_3_ViewController.m; sourceTree = "<group>"; };
		A97B63DF18F7B8D30008F9F0 /* Content_2_4_ViewController.h */ = {isa = PBXFileReference; fileEncoding = 4; lastKnownFileType = sourcecode.c.h; name = Content_2_4_ViewController.h; path = Controllers/Content_2_4_ViewController.h; sourceTree = "<group>"; };
		A97B63E018F7B8D30008F9F0 /* Content_2_4_ViewController.m */ = {isa = PBXFileReference; fileEncoding = 4; lastKnownFileType = sourcecode.c.objc; name = Content_2_4_ViewController.m; path = Controllers/Content_2_4_ViewController.m; sourceTree = "<group>"; };
		A97CC0AD18F51B4500C36E01 /* Content_1_2_2_1_ViewController.h */ = {isa = PBXFileReference; fileEncoding = 4; lastKnownFileType = sourcecode.c.h; name = Content_1_2_2_1_ViewController.h; path = Controllers/Content_1_2_2_1_ViewController.h; sourceTree = "<group>"; };
		A97CC0AE18F51B4500C36E01 /* Content_1_2_2_1_ViewController.m */ = {isa = PBXFileReference; fileEncoding = 4; lastKnownFileType = sourcecode.c.objc; name = Content_1_2_2_1_ViewController.m; path = Controllers/Content_1_2_2_1_ViewController.m; sourceTree = "<group>"; };
		A97CC0B018F5227100C36E01 /* Content_1_3_1_ViewController.h */ = {isa = PBXFileReference; fileEncoding = 4; lastKnownFileType = sourcecode.c.h; name = Content_1_3_1_ViewController.h; path = Controllers/Content_1_3_1_ViewController.h; sourceTree = "<group>"; };
		A97CC0B118F5227100C36E01 /* Content_1_3_1_ViewController.m */ = {isa = PBXFileReference; fileEncoding = 4; lastKnownFileType = sourcecode.c.objc; name = Content_1_3_1_ViewController.m; path = Controllers/Content_1_3_1_ViewController.m; sourceTree = "<group>"; };
		A97CC0B318F5397100C36E01 /* Content_1_4_1_ViewController.h */ = {isa = PBXFileReference; fileEncoding = 4; lastKnownFileType = sourcecode.c.h; path = Content_1_4_1_ViewController.h; sourceTree = "<group>"; };
		A97CC0B418F5397100C36E01 /* Content_1_4_1_ViewController.m */ = {isa = PBXFileReference; fileEncoding = 4; lastKnownFileType = sourcecode.c.objc; path = Content_1_4_1_ViewController.m; sourceTree = "<group>"; };
		A97CC0B618F5409500C36E01 /* WithBackBtnViewController.h */ = {isa = PBXFileReference; fileEncoding = 4; lastKnownFileType = sourcecode.c.h; name = WithBackBtnViewController.h; path = Controllers/WithBackBtnViewController.h; sourceTree = "<group>"; };
		A97CC0B718F5409500C36E01 /* WithBackBtnViewController.m */ = {isa = PBXFileReference; fileEncoding = 4; lastKnownFileType = sourcecode.c.objc; name = WithBackBtnViewController.m; path = Controllers/WithBackBtnViewController.m; sourceTree = "<group>"; };
		A97CC0B918F541E100C36E01 /* backBtn@2x.png */ = {isa = PBXFileReference; lastKnownFileType = image.png; path = "backBtn@2x.png"; sourceTree = "<group>"; };
		A97CC0C018F54FD700C36E01 /* FontAwesome.ttf */ = {isa = PBXFileReference; lastKnownFileType = file; path = FontAwesome.ttf; sourceTree = "<group>"; };
		A97CC0C218F5506500C36E01 /* NSString+FontAwesome.h */ = {isa = PBXFileReference; fileEncoding = 4; lastKnownFileType = sourcecode.c.h; path = "NSString+FontAwesome.h"; sourceTree = "<group>"; };
		A97CC0C318F5506500C36E01 /* NSString+FontAwesome.m */ = {isa = PBXFileReference; fileEncoding = 4; lastKnownFileType = sourcecode.c.objc; path = "NSString+FontAwesome.m"; sourceTree = "<group>"; };
		A9A7A2551907964E0086C232 /* Content_1_3_ViewController.h */ = {isa = PBXFileReference; fileEncoding = 4; lastKnownFileType = sourcecode.c.h; name = Content_1_3_ViewController.h; path = Controllers/Content_1_3_ViewController.h; sourceTree = "<group>"; };
		A9A7A2561907964E0086C232 /* Content_1_3_ViewController.m */ = {isa = PBXFileReference; fileEncoding = 4; lastKnownFileType = sourcecode.c.objc; name = Content_1_3_ViewController.m; path = Controllers/Content_1_3_ViewController.m; sourceTree = "<group>"; };
		A9A7A258190796980086C232 /* Content_1_4_ViewController.h */ = {isa = PBXFileReference; fileEncoding = 4; lastKnownFileType = sourcecode.c.h; name = Content_1_4_ViewController.h; path = Controllers/Content_1_4_ViewController.h; sourceTree = "<group>"; };
		A9A7A259190796980086C232 /* Content_1_4_ViewController.m */ = {isa = PBXFileReference; fileEncoding = 4; lastKnownFileType = sourcecode.c.objc; name = Content_1_4_ViewController.m; path = Controllers/Content_1_4_ViewController.m; sourceTree = "<group>"; };
		A9A7A25B19079C5D0086C232 /* zhihui2_text@2x.png */ = {isa = PBXFileReference; lastKnownFileType = image.png; path = "zhihui2_text@2x.png"; sourceTree = "<group>"; };
		A9A7A25C19079C5D0086C232 /* zhihui2@2x.jpg */ = {isa = PBXFileReference; lastKnownFileType = image.jpeg; path = "zhihui2@2x.jpg"; sourceTree = "<group>"; };
		A9A7A25D19079C5D0086C232 /* zhihui3_text@2x.png */ = {isa = PBXFileReference; lastKnownFileType = image.png; path = "zhihui3_text@2x.png"; sourceTree = "<group>"; };
		A9A7A25E19079C5D0086C232 /* zhihui3@2x.jpg */ = {isa = PBXFileReference; lastKnownFileType = image.jpeg; path = "zhihui3@2x.jpg"; sourceTree = "<group>"; };
		A9A7A25F19079C5D0086C232 /* zhihui4_text@2x.png */ = {isa = PBXFileReference; lastKnownFileType = image.png; path = "zhihui4_text@2x.png"; sourceTree = "<group>"; };
		A9A7A26019079C5D0086C232 /* zhihui4@2x.jpg */ = {isa = PBXFileReference; lastKnownFileType = image.jpeg; path = "zhihui4@2x.jpg"; sourceTree = "<group>"; };
		A9A7A2671907BD4A0086C232 /* TrButton.h */ = {isa = PBXFileReference; fileEncoding = 4; lastKnownFileType = sourcecode.c.h; path = TrButton.h; sourceTree = "<group>"; };
		A9A7A2681907BD4A0086C232 /* TrButton.m */ = {isa = PBXFileReference; fileEncoding = 4; lastKnownFileType = sourcecode.c.objc; path = TrButton.m; sourceTree = "<group>"; };
		A9A7A26B1907CE9F0086C232 /* XppUtil.h */ = {isa = PBXFileReference; fileEncoding = 4; lastKnownFileType = sourcecode.c.h; path = XppUtil.h; sourceTree = "<group>"; };
		A9A7A26C1907CE9F0086C232 /* XppUtil.m */ = {isa = PBXFileReference; fileEncoding = 4; lastKnownFileType = sourcecode.c.objc; path = XppUtil.m; sourceTree = "<group>"; };
		A9A7A2701907D7A40086C232 /* telmap@2x.jpg */ = {isa = PBXFileReference; lastKnownFileType = image.jpeg; path = "telmap@2x.jpg"; sourceTree = "<group>"; };
		A9A7A2721907D8500086C232 /* tel_btn2@2x.png */ = {isa = PBXFileReference; lastKnownFileType = image.png; path = "tel_btn2@2x.png"; sourceTree = "<group>"; };
		A9B7406B190A521D001E85AE /* dddbar_m1@2x.png */ = {isa = PBXFileReference; lastKnownFileType = image.png; path = "dddbar_m1@2x.png"; sourceTree = "<group>"; };
		A9B7406D190A521D001E85AE /* dddbar_m2@2x.png */ = {isa = PBXFileReference; lastKnownFileType = image.png; path = "dddbar_m2@2x.png"; sourceTree = "<group>"; };
		A9B7406F190A521D001E85AE /* dddbar_m3@2x.png */ = {isa = PBXFileReference; lastKnownFileType = image.png; path = "dddbar_m3@2x.png"; sourceTree = "<group>"; };
		A9B74071190A521D001E85AE /* dddbar_m4@2x.png */ = {isa = PBXFileReference; lastKnownFileType = image.png; path = "dddbar_m4@2x.png"; sourceTree = "<group>"; };
		A9B7407A190A5599001E85AE /* dddbar_on@2x.png */ = {isa = PBXFileReference; lastKnownFileType = image.png; path = "dddbar_on@2x.png"; sourceTree = "<group>"; };
		A9B7407C190A5844001E85AE /* rootmenu_hi@2x.png */ = {isa = PBXFileReference; lastKnownFileType = image.png; path = "rootmenu_hi@2x.png"; sourceTree = "<group>"; };
		A9B762981906104200046C52 /* tel_btn@2x.png */ = {isa = PBXFileReference; lastKnownFileType = image.png; path = "tel_btn@2x.png"; sourceTree = "<group>"; };
		A9B7629B19063C0500046C52 /* index_banner@2x.jpg */ = {isa = PBXFileReference; lastKnownFileType = image.jpeg; path = "index_banner@2x.jpg"; sourceTree = "<group>"; };
		A9B7629C19063C0500046C52 /* index_logo@2x.png */ = {isa = PBXFileReference; lastKnownFileType = image.png; path = "index_logo@2x.png"; sourceTree = "<group>"; };
		A9B762A219065BC400046C52 /* CirButton.h */ = {isa = PBXFileReference; fileEncoding = 4; lastKnownFileType = sourcecode.c.h; path = CirButton.h; sourceTree = "<group>"; };
		A9B762A319065BC400046C52 /* CirButton.m */ = {isa = PBXFileReference; fileEncoding = 4; lastKnownFileType = sourcecode.c.objc; path = CirButton.m; sourceTree = "<group>"; };
		A9B762A9190664FE00046C52 /* Content_1_2_ViewController.h */ = {isa = PBXFileReference; fileEncoding = 4; lastKnownFileType = sourcecode.c.h; name = Content_1_2_ViewController.h; path = Controllers/Content_1_2_ViewController.h; sourceTree = "<group>"; };
		A9B762AA190664FE00046C52 /* Content_1_2_ViewController.m */ = {isa = PBXFileReference; fileEncoding = 4; lastKnownFileType = sourcecode.c.objc; name = Content_1_2_ViewController.m; path = Controllers/Content_1_2_ViewController.m; sourceTree = "<group>"; };
		A9C0EF521909176500E1A38D /* Content_3_2_ViewController.h */ = {isa = PBXFileReference; fileEncoding = 4; lastKnownFileType = sourcecode.c.h; name = Content_3_2_ViewController.h; path = Controllers/Content_3_2_ViewController.h; sourceTree = "<group>"; };
		A9C0EF531909176500E1A38D /* Content_3_2_ViewController.m */ = {isa = PBXFileReference; fileEncoding = 4; lastKnownFileType = sourcecode.c.objc; name = Content_3_2_ViewController.m; path = Controllers/Content_3_2_ViewController.m; sourceTree = "<group>"; };
		A9D73DC718ED0F4B0014BD47 /* FuliApp.app */ = {isa = PBXFileReference; explicitFileType = wrapper.application; includeInIndex = 0; path = FuliApp.app; sourceTree = BUILT_PRODUCTS_DIR; };
		A9D73DCA18ED0F4B0014BD47 /* Foundation.framework */ = {isa = PBXFileReference; lastKnownFileType = wrapper.framework; name = Foundation.framework; path = System/Library/Frameworks/Foundation.framework; sourceTree = SDKROOT; };
		A9D73DCC18ED0F4B0014BD47 /* CoreGraphics.framework */ = {isa = PBXFileReference; lastKnownFileType = wrapper.framework; name = CoreGraphics.framework; path = System/Library/Frameworks/CoreGraphics.framework; sourceTree = SDKROOT; };
		A9D73DCE18ED0F4B0014BD47 /* UIKit.framework */ = {isa = PBXFileReference; lastKnownFileType = wrapper.framework; name = UIKit.framework; path = System/Library/Frameworks/UIKit.framework; sourceTree = SDKROOT; };
		A9D73DD218ED0F4B0014BD47 /* FuliApp-Info.plist */ = {isa = PBXFileReference; lastKnownFileType = text.plist.xml; path = "FuliApp-Info.plist"; sourceTree = "<group>"; };
		A9D73DD418ED0F4B0014BD47 /* en */ = {isa = PBXFileReference; lastKnownFileType = text.plist.strings; name = en; path = en.lproj/InfoPlist.strings; sourceTree = "<group>"; };
		A9D73DD618ED0F4B0014BD47 /* main.m */ = {isa = PBXFileReference; lastKnownFileType = sourcecode.c.objc; path = main.m; sourceTree = "<group>"; };
		A9D73DD818ED0F4B0014BD47 /* FuliApp-Prefix.pch */ = {isa = PBXFileReference; lastKnownFileType = sourcecode.c.h; path = "FuliApp-Prefix.pch"; sourceTree = "<group>"; };
		A9D73DD918ED0F4B0014BD47 /* AppDelegate.h */ = {isa = PBXFileReference; lastKnownFileType = sourcecode.c.h; path = AppDelegate.h; sourceTree = "<group>"; };
		A9D73DDA18ED0F4B0014BD47 /* AppDelegate.m */ = {isa = PBXFileReference; lastKnownFileType = sourcecode.c.objc; path = AppDelegate.m; sourceTree = "<group>"; };
		A9D73DDD18ED0F4B0014BD47 /* Base */ = {isa = PBXFileReference; lastKnownFileType = file.storyboard; name = Base; path = Base.lproj/Main.storyboard; sourceTree = "<group>"; };
		A9D73DDF18ED0F4B0014BD47 /* ViewController.h */ = {isa = PBXFileReference; lastKnownFileType = sourcecode.c.h; path = ViewController.h; sourceTree = "<group>"; };
		A9D73DE018ED0F4B0014BD47 /* ViewController.m */ = {isa = PBXFileReference; lastKnownFileType = sourcecode.c.objc; path = ViewController.m; sourceTree = "<group>"; };
		A9D73DE218ED0F4B0014BD47 /* Images.xcassets */ = {isa = PBXFileReference; lastKnownFileType = folder.assetcatalog; path = Images.xcassets; sourceTree = "<group>"; };
		A9D73DE918ED0F4B0014BD47 /* XCTest.framework */ = {isa = PBXFileReference; lastKnownFileType = wrapper.framework; name = XCTest.framework; path = Library/Frameworks/XCTest.framework; sourceTree = DEVELOPER_DIR; };
		A9D73DF118ED0F4B0014BD47 /* FuliAppTests-Info.plist */ = {isa = PBXFileReference; lastKnownFileType = text.plist.xml; path = "FuliAppTests-Info.plist"; sourceTree = "<group>"; };
		A9D73DF318ED0F4B0014BD47 /* en */ = {isa = PBXFileReference; lastKnownFileType = text.plist.strings; name = en; path = en.lproj/InfoPlist.strings; sourceTree = "<group>"; };
		A9D73DF518ED0F4B0014BD47 /* FuliAppTests.m */ = {isa = PBXFileReference; lastKnownFileType = sourcecode.c.objc; path = FuliAppTests.m; sourceTree = "<group>"; };
		A9F32620190BFEE300F12D0D /* Reveal.framework */ = {isa = PBXFileReference; lastKnownFileType = wrapper.framework; path = Reveal.framework; sourceTree = "<group>"; };
		A9F32622190BFF0600F12D0D /* CFNetwork.framework */ = {isa = PBXFileReference; lastKnownFileType = wrapper.framework; name = CFNetwork.framework; path = System/Library/Frameworks/CFNetwork.framework; sourceTree = SDKROOT; };
		A9F32624190BFF1000F12D0D /* QuartzCore.framework */ = {isa = PBXFileReference; lastKnownFileType = wrapper.framework; name = QuartzCore.framework; path = System/Library/Frameworks/QuartzCore.framework; sourceTree = SDKROOT; };
/* End PBXFileReference section */

/* Begin PBXFrameworksBuildPhase section */
		A9D73DC418ED0F4B0014BD47 /* Frameworks */ = {
			isa = PBXFrameworksBuildPhase;
			buildActionMask = 2147483647;
			files = (
				A9D73DCD18ED0F4B0014BD47 /* CoreGraphics.framework in Frameworks */,
				A9F32625190BFF1000F12D0D /* QuartzCore.framework in Frameworks */,
				A9F32623190BFF0600F12D0D /* CFNetwork.framework in Frameworks */,
				A9D73DCF18ED0F4B0014BD47 /* UIKit.framework in Frameworks */,
				A9D73DCB18ED0F4B0014BD47 /* Foundation.framework in Frameworks */,
				A9F32621190BFEE300F12D0D /* Reveal.framework in Frameworks */,
			);
			runOnlyForDeploymentPostprocessing = 0;
		};
/* End PBXFrameworksBuildPhase section */

/* Begin PBXGroup section */
		A91B84F21908AC97008B9BFD /* Content3 */ = {
			isa = PBXGroup;
			children = (
				A91B84F31908ACF3008B9BFD /* Content_3_ViewController.h */,
				A91B84F41908ACF3008B9BFD /* Content_3_ViewController.m */,
				A914364F1909078300A6C5EC /* Content_3_1_ViewController.h */,
				A91436501909078300A6C5EC /* Content_3_1_ViewController.m */,
				A9C0EF521909176500E1A38D /* Content_3_2_ViewController.h */,
				A9C0EF531909176500E1A38D /* Content_3_2_ViewController.m */,
			);
			name = Content3;
			sourceTree = "<group>";
		};
		A91B85041908E372008B9BFD /* Content5 */ = {
			isa = PBXGroup;
			children = (
				A91B85051908E390008B9BFD /* Content_5_ViewController.h */,
				A91B85061908E390008B9BFD /* Content_5_ViewController.m */,
				A91B85081908EE6B008B9BFD /* Content_5_1_ViewController.h */,
				A91B85091908EE6B008B9BFD /* Content_5_1_ViewController.m */,
				A91B850B1908EE7C008B9BFD /* Content_5_2_ViewController.h */,
				A91B850C1908EE7C008B9BFD /* Content_5_2_ViewController.m */,
				A91B850E1908EE8B008B9BFD /* Content_5_3_ViewController.h */,
				A91B850F1908EE8B008B9BFD /* Content_5_3_ViewController.m */,
			);
			name = Content5;
			sourceTree = "<group>";
		};
		A91E7DF418F3CE3C009DC4B4 /* Controllers */ = {
			isa = PBXGroup;
			children = (
				A91B85041908E372008B9BFD /* Content5 */,
				A91B84F21908AC97008B9BFD /* Content3 */,
				A965C11018F6483A0019D2F9 /* Content1 */,
				A965C11118F6484F0019D2F9 /* Content2 */,
				A97CC0B618F5409500C36E01 /* WithBackBtnViewController.h */,
				A97CC0B718F5409500C36E01 /* WithBackBtnViewController.m */,
				A91E7DF818F3CFFB009DC4B4 /* WebShowViewController.h */,
				A91E7DF918F3CFFB009DC4B4 /* WebShowViewController.m */,
				A965C10A18F641560019D2F9 /* RootMenuViewController.h */,
				A965C10B18F641560019D2F9 /* RootMenuViewController.m */,
				A9507CAD1904F5DA00016C2D /* IntroViewController.h */,
				A9507CAE1904F5DA00016C2D /* IntroViewController.m */,
			);
			name = Controllers;
			sourceTree = "<group>";
		};
		A92AD0B818ED378800F5795A /* Base */ = {
			isa = PBXGroup;
			children = (
				A965C0F918F63ABF0019D2F9 /* MMDrawerController */,
				A97CC0C218F5506500C36E01 /* NSString+FontAwesome.h */,
				A97CC0C318F5506500C36E01 /* NSString+FontAwesome.m */,
				A91E7DFB18F3D054009DC4B4 /* MBProgressHUD.h */,
				A91E7DFC18F3D054009DC4B4 /* MBProgressHUD.m */,
				A92AD0B918ED378800F5795A /* MHCustomTabBarController */,
				A9B762A219065BC400046C52 /* CirButton.h */,
				A9B762A319065BC400046C52 /* CirButton.m */,
				A9A7A2671907BD4A0086C232 /* TrButton.h */,
				A9A7A2681907BD4A0086C232 /* TrButton.m */,
				A9A7A26B1907CE9F0086C232 /* XppUtil.h */,
				A9A7A26C1907CE9F0086C232 /* XppUtil.m */,
			);
			path = Base;
			sourceTree = "<group>";
		};
		A92AD0B918ED378800F5795A /* MHCustomTabBarController */ = {
			isa = PBXGroup;
			children = (
				A92AD0BA18ED378800F5795A /* MHCustomTabBarController.h */,
				A92AD0BB18ED378800F5795A /* MHCustomTabBarController.m */,
				A92AD0BC18ED378800F5795A /* MHTabBarSegue.h */,
				A92AD0BD18ED378800F5795A /* MHTabBarSegue.m */,
			);
			path = MHCustomTabBarController;
			sourceTree = "<group>";
		};
		A92AD0C018ED3BC000F5795A /* assets */ = {
			isa = PBXGroup;
			children = (
				A9B7407C190A5844001E85AE /* rootmenu_hi@2x.png */,
				A9B7407A190A5599001E85AE /* dddbar_on@2x.png */,
				A9B7406B190A521D001E85AE /* dddbar_m1@2x.png */,
				A9B7406D190A521D001E85AE /* dddbar_m2@2x.png */,
				A9B7406F190A521D001E85AE /* dddbar_m3@2x.png */,
				A9B74071190A521D001E85AE /* dddbar_m4@2x.png */,
				A955FC9E190A0A3200A21C22 /* tarbtnbg_on@2x.png */,
				A955FC9F190A0A3200A21C22 /* tarbtnbg@2x.png */,
				A955FC8C1909FF5300A21C22 /* neibupeitao_on@2x.png */,
				A955FC8D1909FF5300A21C22 /* neibupeitao@2x.png */,
				A955FC8E1909FF5300A21C22 /* waibupeitao_on@2x.png */,
				A955FC8F1909FF5300A21C22 /* waibupeitao@2x.png */,
				A9143647190906C100A6C5EC /* waibu_on@2x.png */,
				A9143648190906C100A6C5EC /* waibu@2x.png */,
				A9143649190906C100A6C5EC /* xiaoqu_on@2x.png */,
				A914364A190906C100A6C5EC /* xiaoqu@2x.png */,
				A914363F1908F7E300A6C5EC /* arrow_down@2x.png */,
				A91436401908F7E300A6C5EC /* arrow_ux_up@2x.png */,
				A91436391908F5B000A6C5EC /* fuli3dindex@2x.jpg */,
				A91B84F61908AF56008B9BFD /* business_bg@2x.jpg */,
				A91B84F71908AF56008B9BFD /* business_btn1@2x.png */,
				A91B84F91908AF56008B9BFD /* business_btn2@2x.png */,
				A91B84FB1908AF56008B9BFD /* business_btn3@2x.png */,
				A9A7A2721907D8500086C232 /* tel_btn2@2x.png */,
				A9A7A2701907D7A40086C232 /* telmap@2x.jpg */,
				A9A7A25B19079C5D0086C232 /* zhihui2_text@2x.png */,
				A9A7A25C19079C5D0086C232 /* zhihui2@2x.jpg */,
				A9A7A25D19079C5D0086C232 /* zhihui3_text@2x.png */,
				A9A7A25E19079C5D0086C232 /* zhihui3@2x.jpg */,
				A9A7A25F19079C5D0086C232 /* zhihui4_text@2x.png */,
				A9A7A26019079C5D0086C232 /* zhihui4@2x.jpg */,
				A9B7629B19063C0500046C52 /* index_banner@2x.jpg */,
				A9B7629C19063C0500046C52 /* index_logo@2x.png */,
				A9B762981906104200046C52 /* tel_btn@2x.png */,
				A9507CA71904F0AF00016C2D /* intro1@2x.jpg */,
				A9507CA81904F0AF00016C2D /* intro2@2x.jpg */,
				A9507CA91904F0AF00016C2D /* intro3@2x.jpg */,
				A9026D4518F7EA4B000B2FF9 /* daolu.jpg */,
				A9026D4618F7EA4B000B2FF9 /* guidao.jpg */,
				A97B63D718F79DC20008F9F0 /* local@2x.jpg */,
				A965C11318F669BF0019D2F9 /* lrbg@2x.png */,
				A97CC0B918F541E100C36E01 /* backBtn@2x.png */,
				A91E7E1118F3DC75009DC4B4 /* webbg@2x.png */,
				A92AD0C318ED47D000F5795A /* tarbgbar@2x.png */,
				A92AD0C118ED3BC000F5795A /* tarbgbar_on@2x.png */,
			);
			path = assets;
			sourceTree = "<group>";
		};
		A965C0F918F63ABF0019D2F9 /* MMDrawerController */ = {
			isa = PBXGroup;
			children = (
				A965C0FA18F63ABF0019D2F9 /* MMDrawerBarButtonItem.h */,
				A965C0FB18F63ABF0019D2F9 /* MMDrawerBarButtonItem.m */,
				A965C0FC18F63ABF0019D2F9 /* MMDrawerController+Subclass.h */,
				A965C0FD18F63ABF0019D2F9 /* MMDrawerController.h */,
				A965C0FE18F63ABF0019D2F9 /* MMDrawerController.m */,
				A965C0FF18F63ABF0019D2F9 /* MMDrawerVisualState.h */,
				A965C10018F63ABF0019D2F9 /* MMDrawerVisualState.m */,
				A965C10118F63ABF0019D2F9 /* UIViewController+MMDrawerController.h */,
				A965C10218F63ABF0019D2F9 /* UIViewController+MMDrawerController.m */,
			);
			path = MMDrawerController;
			sourceTree = "<group>";
		};
		A965C11018F6483A0019D2F9 /* Content1 */ = {
			isa = PBXGroup;
			children = (
				A91E7DFE18F3D351009DC4B4 /* Content_1_1_ViewController.h */,
				A91E7DFF18F3D351009DC4B4 /* Content_1_1_ViewController.m */,
				A93BADF618F4F051005E3361 /* Content_1_2_1_1_ViewController.h */,
				A93BADF718F4F051005E3361 /* Content_1_2_1_1_ViewController.m */,
				A97CC0AD18F51B4500C36E01 /* Content_1_2_2_1_ViewController.h */,
				A97CC0AE18F51B4500C36E01 /* Content_1_2_2_1_ViewController.m */,
				A97CC0B018F5227100C36E01 /* Content_1_3_1_ViewController.h */,
				A97CC0B118F5227100C36E01 /* Content_1_3_1_ViewController.m */,
				A97CC0B318F5397100C36E01 /* Content_1_4_1_ViewController.h */,
				A97CC0B418F5397100C36E01 /* Content_1_4_1_ViewController.m */,
				A9B762A9190664FE00046C52 /* Content_1_2_ViewController.h */,
				A9B762AA190664FE00046C52 /* Content_1_2_ViewController.m */,
				A9A7A2551907964E0086C232 /* Content_1_3_ViewController.h */,
				A9A7A2561907964E0086C232 /* Content_1_3_ViewController.m */,
				A9A7A258190796980086C232 /* Content_1_4_ViewController.h */,
				A9A7A259190796980086C232 /* Content_1_4_ViewController.m */,
			);
			name = Content1;
			sourceTree = "<group>";
		};
		A965C11118F6484F0019D2F9 /* Content2 */ = {
			isa = PBXGroup;
			children = (
				A965C10718F63DDA0019D2F9 /* Content_2_ViewController.h */,
				A965C10818F63DDA0019D2F9 /* Content_2_ViewController.m */,
				A965C10D18F648290019D2F9 /* Content_2R_ViewController.h */,
				A965C10E18F648290019D2F9 /* Content_2R_ViewController.m */,
				A965C11618F676F20019D2F9 /* Content_2C_ViewController.h */,
				A965C11718F676F20019D2F9 /* Content_2C_ViewController.m */,
				A910D43D18F68E3200A2DB70 /* Content_2_1_ViewController.h */,
				A910D43E18F68E3200A2DB70 /* Content_2_1_ViewController.m */,
				A910D44018F68FB400A2DB70 /* Content_2_2_ViewController.h */,
				A910D44118F68FB400A2DB70 /* Content_2_2_ViewController.m */,
				A97B63DC18F7B81E0008F9F0 /* Content_2_3_ViewController.h */,
				A97B63DD18F7B81E0008F9F0 /* Content_2_3_ViewController.m */,
				A97B63DF18F7B8D30008F9F0 /* Content_2_4_ViewController.h */,
				A97B63E018F7B8D30008F9F0 /* Content_2_4_ViewController.m */,
			);
			name = Content2;
			sourceTree = "<group>";
		};
		A9D73DBE18ED0F4B0014BD47 = {
			isa = PBXGroup;
			children = (
				A9D73DD018ED0F4B0014BD47 /* FuliApp */,
				A9D73DEF18ED0F4B0014BD47 /* FuliAppTests */,
				A9D73DC918ED0F4B0014BD47 /* Frameworks */,
				A9D73DC818ED0F4B0014BD47 /* Products */,
			);
			sourceTree = "<group>";
		};
		A9D73DC818ED0F4B0014BD47 /* Products */ = {
			isa = PBXGroup;
			children = (
				A9D73DC718ED0F4B0014BD47 /* FuliApp.app */,
			);
			name = Products;
			sourceTree = "<group>";
		};
		A9D73DC918ED0F4B0014BD47 /* Frameworks */ = {
			isa = PBXGroup;
			children = (
				A9F32624190BFF1000F12D0D /* QuartzCore.framework */,
				A9F32622190BFF0600F12D0D /* CFNetwork.framework */,
				A9F32620190BFEE300F12D0D /* Reveal.framework */,
				A9D73DCA18ED0F4B0014BD47 /* Foundation.framework */,
				A9D73DCC18ED0F4B0014BD47 /* CoreGraphics.framework */,
				A9D73DCE18ED0F4B0014BD47 /* UIKit.framework */,
				A9D73DE918ED0F4B0014BD47 /* XCTest.framework */,
			);
			name = Frameworks;
			sourceTree = "<group>";
		};
		A9D73DD018ED0F4B0014BD47 /* FuliApp */ = {
			isa = PBXGroup;
			children = (
				A91E7E0F18F3D97C009DC4B4 /* webPage */,
				A91E7DF418F3CE3C009DC4B4 /* Controllers */,
				A92AD0B818ED378800F5795A /* Base */,
				A9D73DD918ED0F4B0014BD47 /* AppDelegate.h */,
				A9D73DDA18ED0F4B0014BD47 /* AppDelegate.m */,
				A9D73DDC18ED0F4B0014BD47 /* Main.storyboard */,
				A92AD0C518ED768E00F5795A /* TestTableViewController.h */,
				A92AD0C618ED768E00F5795A /* TestTableViewController.m */,
				A9D73DDF18ED0F4B0014BD47 /* ViewController.h */,
				A9D73DE018ED0F4B0014BD47 /* ViewController.m */,
				A9D73DE218ED0F4B0014BD47 /* Images.xcassets */,
				A9D73DD118ED0F4B0014BD47 /* Supporting Files */,
			);
			path = FuliApp;
			sourceTree = "<group>";
		};
		A9D73DD118ED0F4B0014BD47 /* Supporting Files */ = {
			isa = PBXGroup;
			children = (
				A955FC98190A048500A21C22 /* icon-58@2x.png */,
				A955FC99190A048500A21C22 /* icon-80@2x.png */,
				A955FC9A190A048500A21C22 /* icon-120@2x.png */,
				A955FC94190A036C00A21C22 /* Default-568h@2x.png */,
				A955FC95190A036C00A21C22 /* Default@2x.png */,
				A97CC0C018F54FD700C36E01 /* FontAwesome.ttf */,
				A92AD0C018ED3BC000F5795A /* assets */,
				A9D73DD218ED0F4B0014BD47 /* FuliApp-Info.plist */,
				A9D73DD318ED0F4B0014BD47 /* InfoPlist.strings */,
				A9D73DD618ED0F4B0014BD47 /* main.m */,
				A9D73DD818ED0F4B0014BD47 /* FuliApp-Prefix.pch */,
			);
			name = "Supporting Files";
			sourceTree = "<group>";
		};
		A9D73DEF18ED0F4B0014BD47 /* FuliAppTests */ = {
			isa = PBXGroup;
			children = (
				A9D73DF518ED0F4B0014BD47 /* FuliAppTests.m */,
				A9D73DF018ED0F4B0014BD47 /* Supporting Files */,
			);
			path = FuliAppTests;
			sourceTree = "<group>";
		};
		A9D73DF018ED0F4B0014BD47 /* Supporting Files */ = {
			isa = PBXGroup;
			children = (
				A9D73DF118ED0F4B0014BD47 /* FuliAppTests-Info.plist */,
				A9D73DF218ED0F4B0014BD47 /* InfoPlist.strings */,
			);
			name = "Supporting Files";
			sourceTree = "<group>";
		};
/* End PBXGroup section */

/* Begin PBXNativeTarget section */
		A9D73DC618ED0F4B0014BD47 /* FuliApp */ = {
			isa = PBXNativeTarget;
			buildConfigurationList = A9D73DF918ED0F4B0014BD47 /* Build configuration list for PBXNativeTarget "FuliApp" */;
			buildPhases = (
				A9D73DC318ED0F4B0014BD47 /* Sources */,
				A9D73DC418ED0F4B0014BD47 /* Frameworks */,
				A9D73DC518ED0F4B0014BD47 /* Resources */,
			);
			buildRules = (
			);
			dependencies = (
			);
			name = FuliApp;
			productName = FuliApp;
			productReference = A9D73DC718ED0F4B0014BD47 /* FuliApp.app */;
			productType = "com.apple.product-type.application";
		};
/* End PBXNativeTarget section */

/* Begin PBXProject section */
		A9D73DBF18ED0F4B0014BD47 /* Project object */ = {
			isa = PBXProject;
			attributes = {
				LastUpgradeCheck = 0500;
				ORGANIZATIONNAME = xiangpaopao;
				TargetAttributes = {
					A9D73DC618ED0F4B0014BD47 = {
						DevelopmentTeam = QBHE7996Q5;
					};
				};
			};
			buildConfigurationList = A9D73DC218ED0F4B0014BD47 /* Build configuration list for PBXProject "FuliApp" */;
			compatibilityVersion = "Xcode 3.2";
			developmentRegion = English;
			hasScannedForEncodings = 0;
			knownRegions = (
				en,
				Base,
				"zh-Hans",
			);
			mainGroup = A9D73DBE18ED0F4B0014BD47;
			productRefGroup = A9D73DC818ED0F4B0014BD47 /* Products */;
			projectDirPath = "";
			projectRoot = "";
			targets = (
				A9D73DC618ED0F4B0014BD47 /* FuliApp */,
			);
		};
/* End PBXProject section */

/* Begin PBXResourcesBuildPhase section */
		A9D73DC518ED0F4B0014BD47 /* Resources */ = {
			isa = PBXResourcesBuildPhase;
			buildActionMask = 2147483647;
			files = (
				A9A7A26319079C5D0086C232 /* zhihui3_text@2x.png in Resources */,
				A914364E190906C100A6C5EC /* xiaoqu@2x.png in Resources */,
				A9A7A26519079C5D0086C232 /* zhihui4_text@2x.png in Resources */,
				A9026D4818F7EA4B000B2FF9 /* guidao.jpg in Resources */,
				A9B74079190A521D001E85AE /* dddbar_m4@2x.png in Resources */,
				A91B84FD1908AF56008B9BFD /* business_bg@2x.jpg in Resources */,
				A9B762991906104200046C52 /* tel_btn@2x.png in Resources */,
				A9B7407D190A5844001E85AE /* rootmenu_hi@2x.png in Resources */,
				A955FC96190A036C00A21C22 /* Default-568h@2x.png in Resources */,
				A914364C190906C100A6C5EC /* waibu@2x.png in Resources */,
				A97CC0C118F54FD700C36E01 /* FontAwesome.ttf in Resources */,
				A9507CAA1904F0AF00016C2D /* intro1@2x.jpg in Resources */,
				A91E7E1218F3DC75009DC4B4 /* webbg@2x.png in Resources */,
				A914364D190906C100A6C5EC /* xiaoqu_on@2x.png in Resources */,
				A9A7A2711907D7A40086C232 /* telmap@2x.jpg in Resources */,
				A9B7629D19063C0500046C52 /* index_banner@2x.jpg in Resources */,
				A914363A1908F5B000A6C5EC /* fuli3dindex@2x.jpg in Resources */,
				A91B85021908AF56008B9BFD /* business_btn3@2x.png in Resources */,
				A955FC97190A036C00A21C22 /* Default@2x.png in Resources */,
				A9B7629E19063C0500046C52 /* index_logo@2x.png in Resources */,
				A9507CAB1904F0AF00016C2D /* intro2@2x.jpg in Resources */,
				A9507CAC1904F0AF00016C2D /* intro3@2x.jpg in Resources */,
				A9026D4718F7EA4B000B2FF9 /* daolu.jpg in Resources */,
				A9A7A26219079C5D0086C232 /* zhihui2@2x.jpg in Resources */,
				A955FC911909FF5300A21C22 /* neibupeitao@2x.png in Resources */,
				A9A7A26419079C5D0086C232 /* zhihui3@2x.jpg in Resources */,
				A91B84FE1908AF56008B9BFD /* business_btn1@2x.png in Resources */,
				A92AD0C218ED3BC000F5795A /* tarbgbar_on@2x.png in Resources */,
				A9A7A26619079C5D0086C232 /* zhihui4@2x.jpg in Resources */,
				A955FC9C190A048500A21C22 /* icon-80@2x.png in Resources */,
				A9A7A26119079C5D0086C232 /* zhihui2_text@2x.png in Resources */,
				A9A7A2731907D8500086C232 /* tel_btn2@2x.png in Resources */,
				A955FC9B190A048500A21C22 /* icon-58@2x.png in Resources */,
				A955FCA1190A0A3200A21C22 /* tarbtnbg@2x.png in Resources */,
				A97CC0BA18F541E100C36E01 /* backBtn@2x.png in Resources */,
				A9D73DE318ED0F4B0014BD47 /* Images.xcassets in Resources */,
				A9D73DD518ED0F4B0014BD47 /* InfoPlist.strings in Resources */,
				A97B63DA18F79DC20008F9F0 /* local@2x.jpg in Resources */,
				A955FC901909FF5300A21C22 /* neibupeitao_on@2x.png in Resources */,
				A91B85001908AF56008B9BFD /* business_btn2@2x.png in Resources */,
				A9B74073190A521D001E85AE /* dddbar_m1@2x.png in Resources */,
				A955FC921909FF5300A21C22 /* waibupeitao_on@2x.png in Resources */,
				A9B74075190A521D001E85AE /* dddbar_m2@2x.png in Resources */,
				A955FC9D190A048500A21C22 /* icon-120@2x.png in Resources */,
				A9B74077190A521D001E85AE /* dddbar_m3@2x.png in Resources */,
				A91436411908F7E300A6C5EC /* arrow_down@2x.png in Resources */,
				A914364B190906C100A6C5EC /* waibu_on@2x.png in Resources */,
				A9B7407B190A5599001E85AE /* dddbar_on@2x.png in Resources */,
				A9D73DDE18ED0F4B0014BD47 /* Main.storyboard in Resources */,
				A91436421908F7E300A6C5EC /* arrow_ux_up@2x.png in Resources */,
				A92AD0C418ED47D000F5795A /* tarbgbar@2x.png in Resources */,
				A965C11418F669BF0019D2F9 /* lrbg@2x.png in Resources */,
				A91E7E1018F3D97C009DC4B4 /* webPage in Resources */,
				A955FC931909FF5300A21C22 /* waibupeitao@2x.png in Resources */,
				A955FCA0190A0A3200A21C22 /* tarbtnbg_on@2x.png in Resources */,
			);
			runOnlyForDeploymentPostprocessing = 0;
		};
/* End PBXResourcesBuildPhase section */

/* Begin PBXSourcesBuildPhase section */
		A9D73DC318ED0F4B0014BD47 /* Sources */ = {
			isa = PBXSourcesBuildPhase;
			buildActionMask = 2147483647;
			files = (
				A97CC0B218F5227100C36E01 /* Content_1_3_1_ViewController.m in Sources */,
				A9D73DE118ED0F4B0014BD47 /* ViewController.m in Sources */,
				A965C10518F63ABF0019D2F9 /* MMDrawerVisualState.m in Sources */,
				A9A7A25A190796980086C232 /* Content_1_4_ViewController.m in Sources */,
				A9B762AB190664FE00046C52 /* Content_1_2_ViewController.m in Sources */,
				A92AD0BF18ED378800F5795A /* MHTabBarSegue.m in Sources */,
				A91B85101908EE8B008B9BFD /* Content_5_3_ViewController.m in Sources */,
				A91B850A1908EE6B008B9BFD /* Content_5_1_ViewController.m in Sources */,
				A965C11818F676F20019D2F9 /* Content_2C_ViewController.m in Sources */,
				A9A7A26D1907CE9F0086C232 /* XppUtil.m in Sources */,
				A92AD0BE18ED378800F5795A /* MHCustomTabBarController.m in Sources */,
				A91436511909078300A6C5EC /* Content_3_1_ViewController.m in Sources */,
				A93BADF818F4F051005E3361 /* Content_1_2_1_1_ViewController.m in Sources */,
				A91E7DFA18F3CFFB009DC4B4 /* WebShowViewController.m in Sources */,
				A97B63DE18F7B81E0008F9F0 /* Content_2_3_ViewController.m in Sources */,
				A910D43F18F68E3200A2DB70 /* Content_2_1_ViewController.m in Sources */,
				A965C10C18F641560019D2F9 /* RootMenuViewController.m in Sources */,
				A92AD0C718ED768E00F5795A /* TestTableViewController.m in Sources */,
				A9D73DDB18ED0F4B0014BD47 /* AppDelegate.m in Sources */,
				A91B85071908E390008B9BFD /* Content_5_ViewController.m in Sources */,
				A97CC0B818F5409500C36E01 /* WithBackBtnViewController.m in Sources */,
				A910D44218F68FB400A2DB70 /* Content_2_2_ViewController.m in Sources */,
				A91E7E0018F3D351009DC4B4 /* Content_1_1_ViewController.m in Sources */,
				A9D73DD718ED0F4B0014BD47 /* main.m in Sources */,
				A9A7A2571907964E0086C232 /* Content_1_3_ViewController.m in Sources */,
				A9507CAF1904F5DA00016C2D /* IntroViewController.m in Sources */,
				A9C0EF541909176500E1A38D /* Content_3_2_ViewController.m in Sources */,
				A91B84F51908ACF3008B9BFD /* Content_3_ViewController.m in Sources */,
				A9A7A2691907BD4A0086C232 /* TrButton.m in Sources */,
				A97CC0C418F5506500C36E01 /* NSString+FontAwesome.m in Sources */,
				A965C10F18F648290019D2F9 /* Content_2R_ViewController.m in Sources */,
				A9B762A419065BC400046C52 /* CirButton.m in Sources */,
				A965C10618F63ABF0019D2F9 /* UIViewController+MMDrawerController.m in Sources */,
				A965C10418F63ABF0019D2F9 /* MMDrawerController.m in Sources */,
				A91B850D1908EE7C008B9BFD /* Content_5_2_ViewController.m in Sources */,
				A97CC0B518F5397100C36E01 /* Content_1_4_1_ViewController.m in Sources */,
				A97B63E118F7B8D30008F9F0 /* Content_2_4_ViewController.m in Sources */,
				A965C10318F63ABF0019D2F9 /* MMDrawerBarButtonItem.m in Sources */,
				A91E7DFD18F3D054009DC4B4 /* MBProgressHUD.m in Sources */,
				A97CC0AF18F51B4500C36E01 /* Content_1_2_2_1_ViewController.m in Sources */,
				A965C10918F63DDA0019D2F9 /* Content_2_ViewController.m in Sources */,
			);
			runOnlyForDeploymentPostprocessing = 0;
		};
/* End PBXSourcesBuildPhase section */

/* Begin PBXVariantGroup section */
		A9D73DD318ED0F4B0014BD47 /* InfoPlist.strings */ = {
			isa = PBXVariantGroup;
			children = (
				A9D73DD418ED0F4B0014BD47 /* en */,
			);
			name = InfoPlist.strings;
			sourceTree = "<group>";
		};
		A9D73DDC18ED0F4B0014BD47 /* Main.storyboard */ = {
			isa = PBXVariantGroup;
			children = (
				A9D73DDD18ED0F4B0014BD47 /* Base */,
			);
			name = Main.storyboard;
			sourceTree = "<group>";
			tabWidth = 4;
		};
		A9D73DF218ED0F4B0014BD47 /* InfoPlist.strings */ = {
			isa = PBXVariantGroup;
			children = (
				A9D73DF318ED0F4B0014BD47 /* en */,
			);
			name = InfoPlist.strings;
			sourceTree = "<group>";
		};
/* End PBXVariantGroup section */

/* Begin XCBuildConfiguration section */
		A9D73DF718ED0F4B0014BD47 /* Debug */ = {
			isa = XCBuildConfiguration;
			buildSettings = {
				ALWAYS_SEARCH_USER_PATHS = NO;
				ARCHS = "$(ARCHS_STANDARD_INCLUDING_64_BIT)";
				CLANG_CXX_LANGUAGE_STANDARD = "gnu++0x";
				CLANG_CXX_LIBRARY = "libc++";
				CLANG_ENABLE_MODULES = YES;
				CLANG_ENABLE_OBJC_ARC = YES;
				CLANG_WARN_BOOL_CONVERSION = YES;
				CLANG_WARN_CONSTANT_CONVERSION = YES;
				CLANG_WARN_DIRECT_OBJC_ISA_USAGE = YES_ERROR;
				CLANG_WARN_EMPTY_BODY = YES;
				CLANG_WARN_ENUM_CONVERSION = YES;
				CLANG_WARN_INT_CONVERSION = YES;
				CLANG_WARN_OBJC_ROOT_CLASS = YES_ERROR;
				CLANG_WARN__DUPLICATE_METHOD_MATCH = YES;
				CODE_SIGN_IDENTITY = "iPhone Developer: 驰 张 (CC85RS5JZN)";
				"CODE_SIGN_IDENTITY[sdk=iphoneos*]" = "iPhone Developer";
				COPY_PHASE_STRIP = NO;
				GCC_C_LANGUAGE_STANDARD = gnu99;
				GCC_DYNAMIC_NO_PIC = NO;
				GCC_OPTIMIZATION_LEVEL = 0;
				GCC_PREPROCESSOR_DEFINITIONS = (
					"DEBUG=1",
					"$(inherited)",
				);
				GCC_SYMBOLS_PRIVATE_EXTERN = NO;
				GCC_WARN_64_TO_32_BIT_CONVERSION = YES;
				GCC_WARN_ABOUT_RETURN_TYPE = YES_ERROR;
				GCC_WARN_UNDECLARED_SELECTOR = YES;
				GCC_WARN_UNINITIALIZED_AUTOS = YES;
				GCC_WARN_UNUSED_FUNCTION = YES;
				GCC_WARN_UNUSED_VARIABLE = YES;
				IPHONEOS_DEPLOYMENT_TARGET = 6.0;
				ONLY_ACTIVE_ARCH = YES;
				PRODUCT_NAME = "南京富力城";
				SDKROOT = iphoneos;
			};
			name = Debug;
		};
		A9D73DF818ED0F4B0014BD47 /* Release */ = {
			isa = XCBuildConfiguration;
			buildSettings = {
				ALWAYS_SEARCH_USER_PATHS = NO;
				ARCHS = "$(ARCHS_STANDARD_INCLUDING_64_BIT)";
				CLANG_CXX_LANGUAGE_STANDARD = "gnu++0x";
				CLANG_CXX_LIBRARY = "libc++";
				CLANG_ENABLE_MODULES = YES;
				CLANG_ENABLE_OBJC_ARC = YES;
				CLANG_WARN_BOOL_CONVERSION = YES;
				CLANG_WARN_CONSTANT_CONVERSION = YES;
				CLANG_WARN_DIRECT_OBJC_ISA_USAGE = YES_ERROR;
				CLANG_WARN_EMPTY_BODY = YES;
				CLANG_WARN_ENUM_CONVERSION = YES;
				CLANG_WARN_INT_CONVERSION = YES;
				CLANG_WARN_OBJC_ROOT_CLASS = YES_ERROR;
				CLANG_WARN__DUPLICATE_METHOD_MATCH = YES;
				CODE_SIGN_IDENTITY = "iPhone Developer: 驰 张 (CC85RS5JZN)";
				"CODE_SIGN_IDENTITY[sdk=iphoneos*]" = "iPhone Developer";
				COPY_PHASE_STRIP = YES;
				ENABLE_NS_ASSERTIONS = NO;
				GCC_C_LANGUAGE_STANDARD = gnu99;
				GCC_WARN_64_TO_32_BIT_CONVERSION = YES;
				GCC_WARN_ABOUT_RETURN_TYPE = YES_ERROR;
				GCC_WARN_UNDECLARED_SELECTOR = YES;
				GCC_WARN_UNINITIALIZED_AUTOS = YES;
				GCC_WARN_UNUSED_FUNCTION = YES;
				GCC_WARN_UNUSED_VARIABLE = YES;
				IPHONEOS_DEPLOYMENT_TARGET = 6.0;
				PRODUCT_NAME = "南京富力城";
				SDKROOT = iphoneos;
				VALIDATE_PRODUCT = YES;
			};
			name = Release;
		};
		A9D73DFA18ED0F4B0014BD47 /* Debug */ = {
			isa = XCBuildConfiguration;
			buildSettings = {
				ASSETCATALOG_COMPILER_APPICON_NAME = AppIcon;
				ASSETCATALOG_COMPILER_LAUNCHIMAGE_NAME = LaunchImage;
				CODE_SIGN_IDENTITY = "iPhone Developer";
				"CODE_SIGN_IDENTITY[sdk=iphoneos*]" = "iPhone Developer";
				FRAMEWORK_SEARCH_PATHS = (
					"$(inherited)",
					"$(PROJECT_DIR)",
				);
				GCC_PRECOMPILE_PREFIX_HEADER = YES;
				GCC_PREFIX_HEADER = "FuliApp/FuliApp-Prefix.pch";
				INFOPLIST_FILE = "FuliApp/FuliApp-Info.plist";
				IPHONEOS_DEPLOYMENT_TARGET = 6.0;
				OTHER_LDFLAGS = "-ObjC";
				PRODUCT_NAME = "$(TARGET_NAME)";
				PROVISIONING_PROFILE = "";
				WRAPPER_EXTENSION = app;
			};
			name = Debug;
		};
		A9D73DFB18ED0F4B0014BD47 /* Release */ = {
			isa = XCBuildConfiguration;
			buildSettings = {
				ASSETCATALOG_COMPILER_APPICON_NAME = AppIcon;
				ASSETCATALOG_COMPILER_LAUNCHIMAGE_NAME = LaunchImage;
				CODE_SIGN_IDENTITY = "iPhone Developer";
				"CODE_SIGN_IDENTITY[sdk=iphoneos*]" = "iPhone Developer";
				FRAMEWORK_SEARCH_PATHS = (
					"$(inherited)",
					"$(PROJECT_DIR)",
				);
				GCC_PRECOMPILE_PREFIX_HEADER = YES;
				GCC_PREFIX_HEADER = "FuliApp/FuliApp-Prefix.pch";
				INFOPLIST_FILE = "FuliApp/FuliApp-Info.plist";
				IPHONEOS_DEPLOYMENT_TARGET = 6.0;
				OTHER_LDFLAGS = "-ObjC";
				PRODUCT_NAME = "$(TARGET_NAME)";
				PROVISIONING_PROFILE = "";
				WRAPPER_EXTENSION = app;
			};
			name = Release;
		};
/* End XCBuildConfiguration section */

/* Begin XCConfigurationList section */
		A9D73DC218ED0F4B0014BD47 /* Build configuration list for PBXProject "FuliApp" */ = {
			isa = XCConfigurationList;
			buildConfigurations = (
				A9D73DF718ED0F4B0014BD47 /* Debug */,
				A9D73DF818ED0F4B0014BD47 /* Release */,
			);
			defaultConfigurationIsVisible = 0;
			defaultConfigurationName = Release;
		};
		A9D73DF918ED0F4B0014BD47 /* Build configuration list for PBXNativeTarget "FuliApp" */ = {
			isa = XCConfigurationList;
			buildConfigurations = (
				A9D73DFA18ED0F4B0014BD47 /* Debug */,
				A9D73DFB18ED0F4B0014BD47 /* Release */,
			);
			defaultConfigurationIsVisible = 0;
			defaultConfigurationName = Release;
		};
/* End XCConfigurationList section */
	};
	rootObject = A9D73DBF18ED0F4B0014BD47 /* Project object */;
}
